
Microsoft Visual Studio Solution File, Format Version 12.00
# Visual Studio Version 16
VisualStudioVersion = 16.0.32510.428
MinimumVisualStudioVersion = 10.0.40219.1
Project("{FAE04EC0-301F-11D3-BF4B-00C04F79EFBC}") = "GameShopLibrary", "GameShopLibrary\GameShopLibrary.csproj", "{DCB1EC2C-6304-441B-84B3-23013BF3F522}"
EndProject
Project("{FAE04EC0-301F-11D3-BF4B-00C04F79EFBC}") = "GameShopWeb", "GameShopWeb\GameShopWeb.csproj", "{ED142F45-20E6-4963-81FE-A17186839A84}"
EndProject
Global
	GlobalSection(SolutionConfigurationPlatforms) = preSolution
		Debug|Any CPU = Debug|Any CPU
		Release|Any CPU = Release|Any CPU
	EndGlobalSection
	GlobalSection(ProjectConfigurationPlatforms) = postSolution
		{DCB1EC2C-6304-441B-84B3-23013BF3F522}.Debug|Any CPU.ActiveCfg = Debug|Any CPU
		{DCB1EC2C-6304-441B-84B3-23013BF3F522}.Debug|Any CPU.Build.0 = Debug|Any CPU
		{DCB1EC2C-6304-441B-84B3-23013BF3F522}.Release|Any CPU.ActiveCfg = Release|Any CPU
		{DCB1EC2C-6304-441B-84B3-23013BF3F522}.Release|Any CPU.Build.0 = Release|Any CPU
		{ED142F45-20E6-4963-81FE-A17186839A84}.Debug|Any CPU.ActiveCfg = Debug|Any CPU
		{ED142F45-20E6-4963-81FE-A17186839A84}.Debug|Any CPU.Build.0 = Debug|Any CPU
		{ED142F45-20E6-4963-81FE-A17186839A84}.Release|Any CPU.ActiveCfg = Release|Any CPU
		{ED142F45-20E6-4963-81FE-A17186839A84}.Release|Any CPU.Build.0 = Release|Any CPU
	EndGlobalSection
	GlobalSection(SolutionProperties) = preSolution
		HideSolutionNode = FALSE
	EndGlobalSection
	GlobalSection(ExtensibilityGlobals) = postSolution
		SolutionGuid = {1F3F1A64-2EBC-49FD-8EBE-D94581E88273}
	EndGlobalSection
EndGlobal
